
Microsoft Visual Studio Solution File, Format Version 12.00
# Visual Studio Version 16
VisualStudioVersion = 16.0.810.12
MinimumVisualStudioVersion = 10.0.40219.1
Project("{FAE04EC0-301F-11D3-BF4B-00C04F79EFBC}") = "API-2", "API-2\API-2.csproj", "{2472EEDF-41E8-454C-B78D-376FE7515044}"
EndProject
Global
	GlobalSection(SolutionConfigurationPlatforms) = preSolution
		Debug|Any CPU = Debug|Any CPU
		Release|Any CPU = Release|Any CPU
	EndGlobalSection
	GlobalSection(ProjectConfigurationPlatforms) = postSolution
		{2472EEDF-41E8-454C-B78D-376FE7515044}.Debug|Any CPU.ActiveCfg = Debug|Any CPU
		{2472EEDF-41E8-454C-B78D-376FE7515044}.Debug|Any CPU.Build.0 = Debug|Any CPU
		{2472EEDF-41E8-454C-B78D-376FE7515044}.Release|Any CPU.ActiveCfg = Release|Any CPU
		{2472EEDF-41E8-454C-B78D-376FE7515044}.Release|Any CPU.Build.0 = Release|Any CPU
	EndGlobalSection
	GlobalSection(SolutionProperties) = preSolution
		HideSolutionNode = FALSE
	EndGlobalSection
	GlobalSection(ExtensibilityGlobals) = postSolution
		SolutionGuid = {90A7F4B4-C016-44EF-9DB0-578453508B02}
	EndGlobalSection
EndGlobal
